{
  "requires": true,
  "lockfileVersion": 1,
  "dependencies": {
    "sdp": {
      "version": "3.0.3",
      "resolved": "https://registry.npmjs.org/sdp/-/sdp-3.0.3.tgz",
      "integrity": "sha512-8EkfckS+XZQaPLyChu4ey7PghrdcraCVNpJe2Gfdi2ON1ylQ7OasuKX+b37R9slnRChwIAiQgt+oj8xXGD8x+A=="
    },
    "webrtc-adapter": {
      "version": "8.0.0",
      "resolved": "https://registry.npmjs.org/webrtc-adapter/-/webrtc-adapter-8.0.0.tgz",
      "integrity": "sha512-1U73dJB7xdXC3UmCHK3VuWU/bD1MBfYGgEPCXlBB/5QVQOzbi80UxBGvAvRt4Oocuwo5bzAD272kpkBd6f0HwA==",
      "requires": {
        "sdp": "^3.0.2"
      }
    }
  }
}
